
Microsoft Visual Studio Solution File, Format Version 12.00
# Visual Studio Version 17
VisualStudioVersion = 17.4.33213.308
MinimumVisualStudioVersion = 10.0.40219.1
Project("{9A19103F-16F7-4668-BE54-9A1E7A4F7556}") = "3Budgetteers-HomeBudget", "3Budgetteers-HomeBudget\3Budgetteers-HomeBudget.csproj", "{EDFB447E-53B5-42CE-94FA-88A0BBE734AC}"
EndProject
Project("{9A19103F-16F7-4668-BE54-9A1E7A4F7556}") = "TestHomeBudget", "TestHomeBudget\TestHomeBudget.csproj", "{BF1B247D-F8DC-48AF-85E9-3BE67006AD25}"
EndProject
Project("{9A19103F-16F7-4668-BE54-9A1E7A4F7556}") = "HomeBudgetWPF", "HomeBudgetWPF\HomeBudgetWPF.csproj", "{4F2AB90D-8AC1-48FC-A246-53A5A1485333}"
EndProject
Project("{C7167F0D-BC9F-4E6E-AFE1-012C56B48DB5}") = "Installer", "Installer\Installer.wapproj", "{2B778D82-876F-43B7-801A-F2E4BFD8F321}"
EndProject
Global
	GlobalSection(SolutionConfigurationPlatforms) = preSolution
		Debug|Any CPU = Debug|Any CPU
		Debug|ARM = Debug|ARM
		Debug|ARM64 = Debug|ARM64
		Debug|x64 = Debug|x64
		Debug|x86 = Debug|x86
		Release|Any CPU = Release|Any CPU
		Release|ARM = Release|ARM
		Release|ARM64 = Release|ARM64
		Release|x64 = Release|x64
		Release|x86 = Release|x86
	EndGlobalSection
	GlobalSection(ProjectConfigurationPlatforms) = postSolution
		{EDFB447E-53B5-42CE-94FA-88A0BBE734AC}.Debug|Any CPU.ActiveCfg = Debug|Any CPU
		{EDFB447E-53B5-42CE-94FA-88A0BBE734AC}.Debug|Any CPU.Build.0 = Debug|Any CPU
		{EDFB447E-53B5-42CE-94FA-88A0BBE734AC}.Debug|ARM.ActiveCfg = Debug|Any CPU
		{EDFB447E-53B5-42CE-94FA-88A0BBE734AC}.Debug|ARM.Build.0 = Debug|Any CPU
		{EDFB447E-53B5-42CE-94FA-88A0BBE734AC}.Debug|ARM64.ActiveCfg = Debug|Any CPU
		{EDFB447E-53B5-42CE-94FA-88A0BBE734AC}.Debug|ARM64.Build.0 = Debug|Any CPU
		{EDFB447E-53B5-42CE-94FA-88A0BBE734AC}.Debug|x64.ActiveCfg = Debug|Any CPU
		{EDFB447E-53B5-42CE-94FA-88A0BBE734AC}.Debug|x64.Build.0 = Debug|Any CPU
		{EDFB447E-53B5-42CE-94FA-88A0BBE734AC}.Debug|x86.ActiveCfg = Debug|Any CPU
		{EDFB447E-53B5-42CE-94FA-88A0BBE734AC}.Debug|x86.Build.0 = Debug|Any CPU
		{EDFB447E-53B5-42CE-94FA-88A0BBE734AC}.Release|Any CPU.ActiveCfg = Release|Any CPU
		{EDFB447E-53B5-42CE-94FA-88A0BBE734AC}.Release|Any CPU.Build.0 = Release|Any CPU
		{EDFB447E-53B5-42CE-94FA-88A0BBE734AC}.Release|ARM.ActiveCfg = Release|Any CPU
		{EDFB447E-53B5-42CE-94FA-88A0BBE734AC}.Release|ARM.Build.0 = Release|Any CPU
		{EDFB447E-53B5-42CE-94FA-88A0BBE734AC}.Release|ARM64.ActiveCfg = Release|Any CPU
		{EDFB447E-53B5-42CE-94FA-88A0BBE734AC}.Release|ARM64.Build.0 = Release|Any CPU
		{EDFB447E-53B5-42CE-94FA-88A0BBE734AC}.Release|x64.ActiveCfg = Release|x64
		{EDFB447E-53B5-42CE-94FA-88A0BBE734AC}.Release|x64.Build.0 = Release|x64
		{EDFB447E-53B5-42CE-94FA-88A0BBE734AC}.Release|x86.ActiveCfg = Release|x86
		{EDFB447E-53B5-42CE-94FA-88A0BBE734AC}.Release|x86.Build.0 = Release|x86
		{BF1B247D-F8DC-48AF-85E9-3BE67006AD25}.Debug|Any CPU.ActiveCfg = Debug|Any CPU
		{BF1B247D-F8DC-48AF-85E9-3BE67006AD25}.Debug|Any CPU.Build.0 = Debug|Any CPU
		{BF1B247D-F8DC-48AF-85E9-3BE67006AD25}.Debug|ARM.ActiveCfg = Debug|Any CPU
		{BF1B247D-F8DC-48AF-85E9-3BE67006AD25}.Debug|ARM.Build.0 = Debug|Any CPU
		{BF1B247D-F8DC-48AF-85E9-3BE67006AD25}.Debug|ARM64.ActiveCfg = Debug|Any CPU
		{BF1B247D-F8DC-48AF-85E9-3BE67006AD25}.Debug|ARM64.Build.0 = Debug|Any CPU
		{BF1B247D-F8DC-48AF-85E9-3BE67006AD25}.Debug|x64.ActiveCfg = Debug|Any CPU
		{BF1B247D-F8DC-48AF-85E9-3BE67006AD25}.Debug|x64.Build.0 = Debug|Any CPU
		{BF1B247D-F8DC-48AF-85E9-3BE67006AD25}.Debug|x86.ActiveCfg = Debug|Any CPU
		{BF1B247D-F8DC-48AF-85E9-3BE67006AD25}.Debug|x86.Build.0 = Debug|Any CPU
		{BF1B247D-F8DC-48AF-85E9-3BE67006AD25}.Release|Any CPU.ActiveCfg = Release|Any CPU
		{BF1B247D-F8DC-48AF-85E9-3BE67006AD25}.Release|Any CPU.Build.0 = Release|Any CPU
		{BF1B247D-F8DC-48AF-85E9-3BE67006AD25}.Release|ARM.ActiveCfg = Release|Any CPU
		{BF1B247D-F8DC-48AF-85E9-3BE67006AD25}.Release|ARM.Build.0 = Release|Any CPU
		{BF1B247D-F8DC-48AF-85E9-3BE67006AD25}.Release|ARM64.ActiveCfg = Release|Any CPU
		{BF1B247D-F8DC-48AF-85E9-3BE67006AD25}.Release|ARM64.Build.0 = Release|Any CPU
		{BF1B247D-F8DC-48AF-85E9-3BE67006AD25}.Release|x64.ActiveCfg = Release|x64
		{BF1B247D-F8DC-48AF-85E9-3BE67006AD25}.Release|x64.Build.0 = Release|x64
		{BF1B247D-F8DC-48AF-85E9-3BE67006AD25}.Release|x86.ActiveCfg = Release|x86
		{BF1B247D-F8DC-48AF-85E9-3BE67006AD25}.Release|x86.Build.0 = Release|x86
		{4F2AB90D-8AC1-48FC-A246-53A5A1485333}.Debug|Any CPU.ActiveCfg = Debug|Any CPU
		{4F2AB90D-8AC1-48FC-A246-53A5A1485333}.Debug|Any CPU.Build.0 = Debug|Any CPU
		{4F2AB90D-8AC1-48FC-A246-53A5A1485333}.Debug|ARM.ActiveCfg = Debug|Any CPU
		{4F2AB90D-8AC1-48FC-A246-53A5A1485333}.Debug|ARM.Build.0 = Debug|Any CPU
		{4F2AB90D-8AC1-48FC-A246-53A5A1485333}.Debug|ARM64.ActiveCfg = Debug|Any CPU
		{4F2AB90D-8AC1-48FC-A246-53A5A1485333}.Debug|ARM64.Build.0 = Debug|Any CPU
		{4F2AB90D-8AC1-48FC-A246-53A5A1485333}.Debug|x64.ActiveCfg = Debug|Any CPU
		{4F2AB90D-8AC1-48FC-A246-53A5A1485333}.Debug|x64.Build.0 = Debug|Any CPU
		{4F2AB90D-8AC1-48FC-A246-53A5A1485333}.Debug|x86.ActiveCfg = Debug|Any CPU
		{4F2AB90D-8AC1-48FC-A246-53A5A1485333}.Debug|x86.Build.0 = Debug|Any CPU
		{4F2AB90D-8AC1-48FC-A246-53A5A1485333}.Release|Any CPU.ActiveCfg = Release|Any CPU
		{4F2AB90D-8AC1-48FC-A246-53A5A1485333}.Release|Any CPU.Build.0 = Release|Any CPU
		{4F2AB90D-8AC1-48FC-A246-53A5A1485333}.Release|ARM.ActiveCfg = Release|Any CPU
		{4F2AB90D-8AC1-48FC-A246-53A5A1485333}.Release|ARM.Build.0 = Release|Any CPU
		{4F2AB90D-8AC1-48FC-A246-53A5A1485333}.Release|ARM64.ActiveCfg = Release|Any CPU
		{4F2AB90D-8AC1-48FC-A246-53A5A1485333}.Release|ARM64.Build.0 = Release|Any CPU
		{4F2AB90D-8AC1-48FC-A246-53A5A1485333}.Release|x64.ActiveCfg = Release|x64
		{4F2AB90D-8AC1-48FC-A246-53A5A1485333}.Release|x64.Build.0 = Release|x64
		{4F2AB90D-8AC1-48FC-A246-53A5A1485333}.Release|x86.ActiveCfg = Release|x86
		{4F2AB90D-8AC1-48FC-A246-53A5A1485333}.Release|x86.Build.0 = Release|x86
		{2B778D82-876F-43B7-801A-F2E4BFD8F321}.Debug|Any CPU.ActiveCfg = Debug|Any CPU
		{2B778D82-876F-43B7-801A-F2E4BFD8F321}.Debug|Any CPU.Build.0 = Debug|Any CPU
		{2B778D82-876F-43B7-801A-F2E4BFD8F321}.Debug|Any CPU.Deploy.0 = Debug|Any CPU
		{2B778D82-876F-43B7-801A-F2E4BFD8F321}.Debug|ARM.ActiveCfg = Debug|ARM
		{2B778D82-876F-43B7-801A-F2E4BFD8F321}.Debug|ARM.Build.0 = Debug|ARM
		{2B778D82-876F-43B7-801A-F2E4BFD8F321}.Debug|ARM.Deploy.0 = Debug|ARM
		{2B778D82-876F-43B7-801A-F2E4BFD8F321}.Debug|ARM64.ActiveCfg = Debug|ARM64
		{2B778D82-876F-43B7-801A-F2E4BFD8F321}.Debug|ARM64.Build.0 = Debug|ARM64
		{2B778D82-876F-43B7-801A-F2E4BFD8F321}.Debug|ARM64.Deploy.0 = Debug|ARM64
		{2B778D82-876F-43B7-801A-F2E4BFD8F321}.Debug|x64.ActiveCfg = Debug|x64
		{2B778D82-876F-43B7-801A-F2E4BFD8F321}.Debug|x64.Build.0 = Debug|x64
		{2B778D82-876F-43B7-801A-F2E4BFD8F321}.Debug|x64.Deploy.0 = Debug|x64
		{2B778D82-876F-43B7-801A-F2E4BFD8F321}.Debug|x86.ActiveCfg = Debug|x86
		{2B778D82-876F-43B7-801A-F2E4BFD8F321}.Debug|x86.Build.0 = Debug|x86
		{2B778D82-876F-43B7-801A-F2E4BFD8F321}.Debug|x86.Deploy.0 = Debug|x86
		{2B778D82-876F-43B7-801A-F2E4BFD8F321}.Release|Any CPU.ActiveCfg = Release|Any CPU
		{2B778D82-876F-43B7-801A-F2E4BFD8F321}.Release|Any CPU.Build.0 = Release|Any CPU
		{2B778D82-876F-43B7-801A-F2E4BFD8F321}.Release|Any CPU.Deploy.0 = Release|Any CPU
		{2B778D82-876F-43B7-801A-F2E4BFD8F321}.Release|ARM.ActiveCfg = Release|ARM
		{2B778D82-876F-43B7-801A-F2E4BFD8F321}.Release|ARM.Build.0 = Release|ARM
		{2B778D82-876F-43B7-801A-F2E4BFD8F321}.Release|ARM.Deploy.0 = Release|ARM
		{2B778D82-876F-43B7-801A-F2E4BFD8F321}.Release|ARM64.ActiveCfg = Release|ARM64
		{2B778D82-876F-43B7-801A-F2E4BFD8F321}.Release|ARM64.Build.0 = Release|ARM64
		{2B778D82-876F-43B7-801A-F2E4BFD8F321}.Release|ARM64.Deploy.0 = Release|ARM64
		{2B778D82-876F-43B7-801A-F2E4BFD8F321}.Release|x64.ActiveCfg = Release|x64
		{2B778D82-876F-43B7-801A-F2E4BFD8F321}.Release|x64.Build.0 = Release|x64
		{2B778D82-876F-43B7-801A-F2E4BFD8F321}.Release|x64.Deploy.0 = Release|x64
		{2B778D82-876F-43B7-801A-F2E4BFD8F321}.Release|x86.ActiveCfg = Release|x86
		{2B778D82-876F-43B7-801A-F2E4BFD8F321}.Release|x86.Build.0 = Release|x86
		{2B778D82-876F-43B7-801A-F2E4BFD8F321}.Release|x86.Deploy.0 = Release|x86
	EndGlobalSection
	GlobalSection(SolutionProperties) = preSolution
		HideSolutionNode = FALSE
	EndGlobalSection
	GlobalSection(ExtensibilityGlobals) = postSolution
		SolutionGuid = {56345C71-4EB5-4DD2-87DC-2339A7852F48}
	EndGlobalSection
EndGlobal
